<?xml version="1.0" encoding="utf-8"?>
<Project ToolsVersion="4.0" xmlns="http://schemas.microsoft.com/developer/msbuild/2003">
  <ItemGroup>
    <Filter Include="Robots">
      <UniqueIdentifier>{67154647-4ad9-4a94-bb07-f2c1244360c5}</UniqueIdentifier>
    </Filter>
    <Filter Include="Environment">
      <UniqueIdentifier>{b7a16b44-ee64-4663-9d42-7afa5a215e02}</UniqueIdentifier>
    </Filter>
    <Filter Include="Tools">
      <UniqueIdentifier>{540ecb41-8079-424c-bc60-41a483a1a839}</UniqueIdentifier>
    </Filter>
    <Filter Include="DataAnalysis">
      <UniqueIdentifier>{1e4a1b98-ec15-40c6-b883-8856bbb71c9b}</UniqueIdentifier>
    </Filter>
    <Filter Include="Visualizer">
      <UniqueIdentifier>{2644407a-3e17-488d-9870-0395d2b21fbe}</UniqueIdentifier>
    </Filter>
    <Filter Include="RobotState">
      <UniqueIdentifier>{8df6bcca-bb4a-42b3-a7cb-f4de5ae04afe}</UniqueIdentifier>
    </Filter>
    <Filter Include="RobotState\ExplorerForager">
      <UniqueIdentifier>{98516377-c7e4-4b98-81ef-fc5b5a2b4091}</UniqueIdentifier>
    </Filter>
    <Filter Include="RobotState\UncollabForage">
      <UniqueIdentifier>{31842c64-ca54-431c-a842-eaa0fa7719ca}</UniqueIdentifier>
    </Filter>
    <Filter Include="RobotState\Cluster">
      <UniqueIdentifier>{79f2f43d-1c82-45e4-b515-0bbb8f2bf7f9}</UniqueIdentifier>
    </Filter>
    <Filter Include="Tools\New Mersenne Twister">
      <UniqueIdentifier>{f752eaf4-89bc-447e-a378-10f47ef16206}</UniqueIdentifier>
    </Filter>
    <Filter Include="Tools\Old Mersenne Twister">
      <UniqueIdentifier>{7e7fa4de-aef0-4388-9a0c-534ef33d209a}</UniqueIdentifier>
    </Filter>
    <Filter Include="Experiment">
      <UniqueIdentifier>{be8a2e6c-faed-4fa2-ad53-9477c50c80a1}</UniqueIdentifier>
    </Filter>
    <Filter Include="Experiment\ClusterForageExperiment">
      <UniqueIdentifier>{7b248b50-017f-4705-833d-52635b9e0fbd}</UniqueIdentifier>
    </Filter>
    <Filter Include="Experiment\Descriptors">
      <UniqueIdentifier>{94ecb0ae-4a4d-455c-b582-cd1f5bdb0f40}</UniqueIdentifier>
    </Filter>
    <Filter Include="Experiment\Performance Measures">
      <UniqueIdentifier>{328a66c7-2742-477f-b940-299d460d9d40}</UniqueIdentifier>
    </Filter>
    <Filter Include="Experiment\GoldOnlyBasicForage">
      <UniqueIdentifier>{34db5c2d-6ebc-4093-9ef8-605b3f757152}</UniqueIdentifier>
    </Filter>
  </ItemGroup>
  <ItemGroup>
    <ClCompile Include="Forager.cpp">
      <Filter>Robots</Filter>
    </ClCompile>
    <ClCompile Include="Mine.cpp">
      <Filter>Environment</Filter>
    </ClCompile>
    <ClCompile Include="Robot.cpp">
      <Filter>Robots</Filter>
    </ClCompile>
    <ClCompile Include="Tools.cpp">
      <Filter>Tools</Filter>
    </ClCompile>
    <ClCompile Include="main.cpp" />
    <ClCompile Include="Explorer.cpp">
      <Filter>Robots</Filter>
    </ClCompile>
    <ClCompile Include="Clusterer.cpp">
      <Filter>Robots</Filter>
    </ClCompile>
    <ClCompile Include="StatisticsHandler.cpp">
      <Filter>Robots</Filter>
    </ClCompile>
    <ClCompile Include="FrequencyHistogramTool.cpp">
      <Filter>DataAnalysis</Filter>
    </ClCompile>
    <ClCompile Include="DXRenderer.cpp">
      <Filter>Visualizer</Filter>
    </ClCompile>
    <ClCompile Include="GameState.cpp">
      <Filter>Visualizer</Filter>
    </ClCompile>
    <ClCompile Include="InputHandler.cpp">
      <Filter>Visualizer</Filter>
    </ClCompile>
    <ClCompile Include="Update.cpp">
      <Filter>Visualizer</Filter>
    </ClCompile>
    <ClCompile Include="RobotState.cpp">
      <Filter>RobotState</Filter>
    </ClCompile>
    <ClCompile Include="ExploreState.cpp">
      <Filter>RobotState\ExplorerForager</Filter>
    </ClCompile>
    <ClCompile Include="mtrand.cpp">
      <Filter>Tools\New Mersenne Twister</Filter>
    </ClCompile>
    <ClCompile Include="mt.cc">
      <Filter>Tools\Old Mersenne Twister</Filter>
    </ClCompile>
    <ClCompile Include="ForageState.cpp">
      <Filter>RobotState\ExplorerForager</Filter>
    </ClCompile>
    <ClCompile Include="ClusterState.cpp">
      <Filter>RobotState\Cluster</Filter>
    </ClCompile>
    <ClCompile Include="Experiment.cpp">
      <Filter>Experiment</Filter>
    </ClCompile>
    <ClCompile Include="ClusterForage.cpp">
      <Filter>Experiment\ClusterForageExperiment</Filter>
    </ClCompile>
    <ClCompile Include="PerformanceMeasure.cpp">
      <Filter>Experiment\Performance Measures</Filter>
    </ClCompile>
    <ClCompile Include="ItemsForagedOverTime.cpp">
      <Filter>Experiment\Performance Measures</Filter>
    </ClCompile>
    <ClCompile Include="PerformanceBed.cpp">
      <Filter>Experiment\Performance Measures</Filter>
    </ClCompile>
    <ClCompile Include="BasicForageGoldOnly.cpp">
      <Filter>Experiment\GoldOnlyBasicForage</Filter>
    </ClCompile>
    <ClCompile Include="BasicForagingState.cpp">
      <Filter>RobotState\UncollabForage</Filter>
    </ClCompile>
    <ClCompile Include="AverageTimeInState.cpp">
      <Filter>Experiment\Performance Measures</Filter>
    </ClCompile>
  </ItemGroup>
  <ItemGroup>
    <ClInclude Include="Robot.h">
      <Filter>Robots</Filter>
    </ClInclude>
    <ClInclude Include="Mine.h">
      <Filter>Environment</Filter>
    </ClInclude>
    <ClInclude Include="Tools.h">
      <Filter>Tools</Filter>
    </ClInclude>
    <ClInclude Include="FrequencyHistogramTool.h">
      <Filter>DataAnalysis</Filter>
    </ClInclude>
    <ClInclude Include="CoordinateConversions.h">
      <Filter>Visualizer</Filter>
    </ClInclude>
    <ClInclude Include="DXRenderer.h">
      <Filter>Visualizer</Filter>
    </ClInclude>
    <ClInclude Include="FatalError.h">
      <Filter>Visualizer</Filter>
    </ClInclude>
    <ClInclude Include="GameState.h">
      <Filter>Visualizer</Filter>
    </ClInclude>
    <ClInclude Include="TileRenderGraph.h">
      <Filter>Visualizer</Filter>
    </ClInclude>
    <ClInclude Include="Types.h">
      <Filter>Visualizer</Filter>
    </ClInclude>
    <ClInclude Include="RobotState.h">
      <Filter>RobotState</Filter>
    </ClInclude>
    <ClInclude Include="ExploreState.h">
      <Filter>RobotState\ExplorerForager</Filter>
    </ClInclude>
    <ClInclude Include="mtrand.h">
      <Filter>Tools\New Mersenne Twister</Filter>
    </ClInclude>
    <ClInclude Include="mt.h">
      <Filter>Tools\Old Mersenne Twister</Filter>
    </ClInclude>
    <ClInclude Include="ForageState.h">
      <Filter>RobotState\ExplorerForager</Filter>
    </ClInclude>
    <ClInclude Include="ClusterState.h">
      <Filter>RobotState\Cluster</Filter>
    </ClInclude>
    <ClInclude Include="Experiment.h">
      <Filter>Experiment</Filter>
    </ClInclude>
    <ClInclude Include="ClusterForage.h">
      <Filter>Experiment\ClusterForageExperiment</Filter>
    </ClInclude>
    <ClInclude Include="EXPERIMENT_DESC.h">
      <Filter>Experiment\Descriptors</Filter>
    </ClInclude>
    <ClInclude Include="PerformanceMeasure.h">
      <Filter>Experiment\Performance Measures</Filter>
    </ClInclude>
    <ClInclude Include="ItemsForagedOverTime.h">
      <Filter>Experiment\Performance Measures</Filter>
    </ClInclude>
    <ClInclude Include="PerformanceBed.h">
      <Filter>Experiment\Performance Measures</Filter>
    </ClInclude>
    <ClInclude Include="BasicForageGoldOnly.h">
      <Filter>Experiment\GoldOnlyBasicForage</Filter>
    </ClInclude>
    <ClInclude Include="BasicForagingState.h">
      <Filter>RobotState\UncollabForage</Filter>
    </ClInclude>
    <ClInclude Include="AverageTimeInState.h">
      <Filter>Experiment\Performance Measures</Filter>
    </ClInclude>
  </ItemGroup>
</Project>